
Microsoft Visual Studio Solution File, Format Version 12.00
# Visual Studio Version 17
VisualStudioVersion = 17.6.33829.357
MinimumVisualStudioVersion = 10.0.40219.1
Project("{FAE04EC0-301F-11D3-BF4B-00C04F79EFBC}") = "ExpenseTracker", "ExpenseTracker\ExpenseTracker.csproj", "{3CAB387D-AC83-4FA7-9A2D-F309CCAADB9E}"
EndProject
Global
	GlobalSection(SolutionConfigurationPlatforms) = preSolution
		Debug|Any CPU = Debug|Any CPU
		Release|Any CPU = Release|Any CPU
	EndGlobalSection
	GlobalSection(ProjectConfigurationPlatforms) = postSolution
		{3CAB387D-AC83-4FA7-9A2D-F309CCAADB9E}.Debug|Any CPU.ActiveCfg = Debug|Any CPU
		{3CAB387D-AC83-4FA7-9A2D-F309CCAADB9E}.Debug|Any CPU.Build.0 = Debug|Any CPU
		{3CAB387D-AC83-4FA7-9A2D-F309CCAADB9E}.Release|Any CPU.ActiveCfg = Release|Any CPU
		{3CAB387D-AC83-4FA7-9A2D-F309CCAADB9E}.Release|Any CPU.Build.0 = Release|Any CPU
	EndGlobalSection
	GlobalSection(SolutionProperties) = preSolution
		HideSolutionNode = FALSE
	EndGlobalSection
	GlobalSection(ExtensibilityGlobals) = postSolution
		SolutionGuid = {B9765AAF-65C1-43CB-9454-098855E115DD}
	EndGlobalSection
EndGlobal
